
Microsoft Visual Studio Solution File, Format Version 12.00
# Visual Studio Version 17
VisualStudioVersion = 17.0.31919.166
MinimumVisualStudioVersion = 10.0.40219.1
Project("{FAE04EC0-301F-11D3-BF4B-00C04F79EFBC}") = "exercicio 5.1", "exercicio 5.1\exercicio 5.1.csproj", "{B80F95F9-75F5-4640-9D0E-AA404C523639}"
EndProject
Global
	GlobalSection(SolutionConfigurationPlatforms) = preSolution
		Debug|Any CPU = Debug|Any CPU
		Release|Any CPU = Release|Any CPU
	EndGlobalSection
	GlobalSection(ProjectConfigurationPlatforms) = postSolution
		{B80F95F9-75F5-4640-9D0E-AA404C523639}.Debug|Any CPU.ActiveCfg = Debug|Any CPU
		{B80F95F9-75F5-4640-9D0E-AA404C523639}.Debug|Any CPU.Build.0 = Debug|Any CPU
		{B80F95F9-75F5-4640-9D0E-AA404C523639}.Release|Any CPU.ActiveCfg = Release|Any CPU
		{B80F95F9-75F5-4640-9D0E-AA404C523639}.Release|Any CPU.Build.0 = Release|Any CPU
	EndGlobalSection
	GlobalSection(SolutionProperties) = preSolution
		HideSolutionNode = FALSE
	EndGlobalSection
	GlobalSection(ExtensibilityGlobals) = postSolution
		SolutionGuid = {E9D4DA16-2A36-4F9C-8121-7EAC49440CBF}
	EndGlobalSection
EndGlobal
