
Microsoft Visual Studio Solution File, Format Version 12.00
# Visual Studio Version 17
VisualStudioVersion = 17.0.31919.166
MinimumVisualStudioVersion = 10.0.40219.1
Project("{FAE04EC0-301F-11D3-BF4B-00C04F79EFBC}") = "exercicio 4", "exercicio 4\exercicio 4.csproj", "{9C92A665-4B07-4146-9486-27911DFBCE1D}"
EndProject
Global
	GlobalSection(SolutionConfigurationPlatforms) = preSolution
		Debug|Any CPU = Debug|Any CPU
		Release|Any CPU = Release|Any CPU
	EndGlobalSection
	GlobalSection(ProjectConfigurationPlatforms) = postSolution
		{9C92A665-4B07-4146-9486-27911DFBCE1D}.Debug|Any CPU.ActiveCfg = Debug|Any CPU
		{9C92A665-4B07-4146-9486-27911DFBCE1D}.Debug|Any CPU.Build.0 = Debug|Any CPU
		{9C92A665-4B07-4146-9486-27911DFBCE1D}.Release|Any CPU.ActiveCfg = Release|Any CPU
		{9C92A665-4B07-4146-9486-27911DFBCE1D}.Release|Any CPU.Build.0 = Release|Any CPU
	EndGlobalSection
	GlobalSection(SolutionProperties) = preSolution
		HideSolutionNode = FALSE
	EndGlobalSection
	GlobalSection(ExtensibilityGlobals) = postSolution
		SolutionGuid = {C1FFDEF8-B2C9-4F2F-8BE7-EED488E84356}
	EndGlobalSection
EndGlobal
