
Microsoft Visual Studio Solution File, Format Version 12.00
# Visual Studio Version 17
VisualStudioVersion = 17.0.31919.166
MinimumVisualStudioVersion = 10.0.40219.1
Project("{FAE04EC0-301F-11D3-BF4B-00C04F79EFBC}") = "exercício 1.0", "exercício 1.0\exercício 1.0.csproj", "{FCD953DB-7F47-41F2-8CEF-2B0D6F914567}"
EndProject
Global
	GlobalSection(SolutionConfigurationPlatforms) = preSolution
		Debug|Any CPU = Debug|Any CPU
		Release|Any CPU = Release|Any CPU
	EndGlobalSection
	GlobalSection(ProjectConfigurationPlatforms) = postSolution
		{FCD953DB-7F47-41F2-8CEF-2B0D6F914567}.Debug|Any CPU.ActiveCfg = Debug|Any CPU
		{FCD953DB-7F47-41F2-8CEF-2B0D6F914567}.Debug|Any CPU.Build.0 = Debug|Any CPU
		{FCD953DB-7F47-41F2-8CEF-2B0D6F914567}.Release|Any CPU.ActiveCfg = Release|Any CPU
		{FCD953DB-7F47-41F2-8CEF-2B0D6F914567}.Release|Any CPU.Build.0 = Release|Any CPU
	EndGlobalSection
	GlobalSection(SolutionProperties) = preSolution
		HideSolutionNode = FALSE
	EndGlobalSection
	GlobalSection(ExtensibilityGlobals) = postSolution
		SolutionGuid = {A7747BD9-4846-40E1-9BEC-22F24CEAF901}
	EndGlobalSection
EndGlobal
