
Microsoft Visual Studio Solution File, Format Version 12.00
# Visual Studio Version 17
VisualStudioVersion = 17.0.31919.166
MinimumVisualStudioVersion = 10.0.40219.1
Project("{FAE04EC0-301F-11D3-BF4B-00C04F79EFBC}") = "exercicio 3", "exercicio 3\exercicio 3.csproj", "{EE246FE0-7C71-4EA6-A7F9-5E506E3DFD7E}"
EndProject
Global
	GlobalSection(SolutionConfigurationPlatforms) = preSolution
		Debug|Any CPU = Debug|Any CPU
		Release|Any CPU = Release|Any CPU
	EndGlobalSection
	GlobalSection(ProjectConfigurationPlatforms) = postSolution
		{EE246FE0-7C71-4EA6-A7F9-5E506E3DFD7E}.Debug|Any CPU.ActiveCfg = Debug|Any CPU
		{EE246FE0-7C71-4EA6-A7F9-5E506E3DFD7E}.Debug|Any CPU.Build.0 = Debug|Any CPU
		{EE246FE0-7C71-4EA6-A7F9-5E506E3DFD7E}.Release|Any CPU.ActiveCfg = Release|Any CPU
		{EE246FE0-7C71-4EA6-A7F9-5E506E3DFD7E}.Release|Any CPU.Build.0 = Release|Any CPU
	EndGlobalSection
	GlobalSection(SolutionProperties) = preSolution
		HideSolutionNode = FALSE
	EndGlobalSection
	GlobalSection(ExtensibilityGlobals) = postSolution
		SolutionGuid = {96A15606-A84A-46B3-97DB-8233CAE1435D}
	EndGlobalSection
EndGlobal
