
Microsoft Visual Studio Solution File, Format Version 12.00
# Visual Studio Version 17
VisualStudioVersion = 17.0.31919.166
MinimumVisualStudioVersion = 10.0.40219.1
Project("{FAE04EC0-301F-11D3-BF4B-00C04F79EFBC}") = "exercicio 11", "exercicio 11\exercicio 11.csproj", "{9552D231-3455-4E96-9814-C46B7A61D570}"
EndProject
Global
	GlobalSection(SolutionConfigurationPlatforms) = preSolution
		Debug|Any CPU = Debug|Any CPU
		Release|Any CPU = Release|Any CPU
	EndGlobalSection
	GlobalSection(ProjectConfigurationPlatforms) = postSolution
		{9552D231-3455-4E96-9814-C46B7A61D570}.Debug|Any CPU.ActiveCfg = Debug|Any CPU
		{9552D231-3455-4E96-9814-C46B7A61D570}.Debug|Any CPU.Build.0 = Debug|Any CPU
		{9552D231-3455-4E96-9814-C46B7A61D570}.Release|Any CPU.ActiveCfg = Release|Any CPU
		{9552D231-3455-4E96-9814-C46B7A61D570}.Release|Any CPU.Build.0 = Release|Any CPU
	EndGlobalSection
	GlobalSection(SolutionProperties) = preSolution
		HideSolutionNode = FALSE
	EndGlobalSection
	GlobalSection(ExtensibilityGlobals) = postSolution
		SolutionGuid = {DFA2D99D-374E-402F-B497-97AB111D84FC}
	EndGlobalSection
EndGlobal
